{
  "name": "@kylemit/hacker-rank-challenges",
  "version": "1.0.0",
  "lockfileVersion": 2,
  "requires": true,
  "packages": {
    "": {
      "name": "@kylemit/hacker-rank-challenges",
      "version": "1.0.0",
      "license": "ISC",
      "devDependencies": {
        "@types/node": "^16.11.2"
      }
    },
    "node_modules/@types/node": {
      "version": "16.11.2",
      "resolved": "https://registry.npmjs.org/@types/node/-/node-16.11.2.tgz",
      "integrity": "sha512-w34LtBB0OkDTs19FQHXy4Ig/TOXI4zqvXS2Kk1PAsRKZ0I+nik7LlMYxckW0tSNGtvWmzB+mrCTbuEjuB9DVsw==",
      "dev": true
    }
  },
  "dependencies": {
    "@types/node": {
      "version": "16.11.2",
      "resolved": "https://registry.npmjs.org/@types/node/-/node-16.11.2.tgz",
      "integrity": "sha512-w34LtBB0OkDTs19FQHXy4Ig/TOXI4zqvXS2Kk1PAsRKZ0I+nik7LlMYxckW0tSNGtvWmzB+mrCTbuEjuB9DVsw==",
      "dev": true
    }
  }
}
